
Microsoft Visual Studio Solution File, Format Version 12.00
# Visual Studio Version 16
VisualStudioVersion = 16.0.31129.286
MinimumVisualStudioVersion = 10.0.40219.1
Project("{9A19103F-16F7-4668-BE54-9A1E7A4F7556}") = "BlazorDemo", "BlazorDemo\BlazorDemo.csproj", "{C1A61F50-C5EF-4167-89F4-9FD2F8E1D0B5}"
EndProject
Global
	GlobalSection(SolutionConfigurationPlatforms) = preSolution
		Debug|Any CPU = Debug|Any CPU
		Release|Any CPU = Release|Any CPU
	EndGlobalSection
	GlobalSection(ProjectConfigurationPlatforms) = postSolution
		{C1A61F50-C5EF-4167-89F4-9FD2F8E1D0B5}.Debug|Any CPU.ActiveCfg = Debug|Any CPU
		{C1A61F50-C5EF-4167-89F4-9FD2F8E1D0B5}.Debug|Any CPU.Build.0 = Debug|Any CPU
		{C1A61F50-C5EF-4167-89F4-9FD2F8E1D0B5}.Release|Any CPU.ActiveCfg = Release|Any CPU
		{C1A61F50-C5EF-4167-89F4-9FD2F8E1D0B5}.Release|Any CPU.Build.0 = Release|Any CPU
	EndGlobalSection
	GlobalSection(SolutionProperties) = preSolution
		HideSolutionNode = FALSE
	EndGlobalSection
	GlobalSection(ExtensibilityGlobals) = postSolution
		SolutionGuid = {492D32A7-8C3E-49F2-AE23-2B759C201DE0}
	EndGlobalSection
EndGlobal
